
Microsoft Visual Studio Solution File, Format Version 12.00
# Visual Studio Version 16
VisualStudioVersion = 16.0.32602.291
MinimumVisualStudioVersion = 10.0.40219.1
Project("{FAE04EC0-301F-11D3-BF4B-00C04F79EFBC}") = "SupermarketTuto", "SupermarketTuto\SupermarketTuto.csproj", "{3DE17822-0246-44BE-9431-A4D15B10AE81}"
EndProject
Project("{FAE04EC0-301F-11D3-BF4B-00C04F79EFBC}") = "Test", "Test\Test.csproj", "{542B692E-BDE7-4B19-A7E2-C46269BA10FD}"
EndProject
Global
	GlobalSection(SolutionConfigurationPlatforms) = preSolution
		Debug|Any CPU = Debug|Any CPU
		Release|Any CPU = Release|Any CPU
	EndGlobalSection
	GlobalSection(ProjectConfigurationPlatforms) = postSolution
		{3DE17822-0246-44BE-9431-A4D15B10AE81}.Debug|Any CPU.ActiveCfg = Debug|Any CPU
		{3DE17822-0246-44BE-9431-A4D15B10AE81}.Debug|Any CPU.Build.0 = Debug|Any CPU
		{3DE17822-0246-44BE-9431-A4D15B10AE81}.Release|Any CPU.ActiveCfg = Release|Any CPU
		{3DE17822-0246-44BE-9431-A4D15B10AE81}.Release|Any CPU.Build.0 = Release|Any CPU
		{542B692E-BDE7-4B19-A7E2-C46269BA10FD}.Debug|Any CPU.ActiveCfg = Debug|Any CPU
		{542B692E-BDE7-4B19-A7E2-C46269BA10FD}.Debug|Any CPU.Build.0 = Debug|Any CPU
		{542B692E-BDE7-4B19-A7E2-C46269BA10FD}.Release|Any CPU.ActiveCfg = Release|Any CPU
		{542B692E-BDE7-4B19-A7E2-C46269BA10FD}.Release|Any CPU.Build.0 = Release|Any CPU
	EndGlobalSection
	GlobalSection(SolutionProperties) = preSolution
		HideSolutionNode = FALSE
	EndGlobalSection
	GlobalSection(ExtensibilityGlobals) = postSolution
		SolutionGuid = {741CFBA2-0B4A-40EB-ACEA-C78F8761AFFE}
	EndGlobalSection
EndGlobal
